
Microsoft Visual Studio Solution File, Format Version 12.00
# Visual Studio 15
VisualStudioVersion = 15.0.27130.2020
MinimumVisualStudioVersion = 10.0.40219.1
Project("{9A19103F-16F7-4668-BE54-9A1E7A4F7556}") = "Lib", "Lib\Lib.csproj", "{6924B070-B6B9-4B78-A537-531229AA61EC}"
EndProject
Project("{9A19103F-16F7-4668-BE54-9A1E7A4F7556}") = "SelfHost", "SelfHost\SelfHost.csproj", "{73CE9BF9-A32D-4977-A1A8-CB9A9CA3504F}"
EndProject
Project("{9A19103F-16F7-4668-BE54-9A1E7A4F7556}") = "WebApplication", "WebApplication\WebApplication.csproj", "{35B972C6-A0BE-4C40-A94A-8820176E6652}"
EndProject
Global
	GlobalSection(SolutionConfigurationPlatforms) = preSolution
		Debug|Any CPU = Debug|Any CPU
		Release|Any CPU = Release|Any CPU
	EndGlobalSection
	GlobalSection(ProjectConfigurationPlatforms) = postSolution
		{6924B070-B6B9-4B78-A537-531229AA61EC}.Debug|Any CPU.ActiveCfg = Debug|Any CPU
		{6924B070-B6B9-4B78-A537-531229AA61EC}.Debug|Any CPU.Build.0 = Debug|Any CPU
		{6924B070-B6B9-4B78-A537-531229AA61EC}.Release|Any CPU.ActiveCfg = Release|Any CPU
		{6924B070-B6B9-4B78-A537-531229AA61EC}.Release|Any CPU.Build.0 = Release|Any CPU
		{73CE9BF9-A32D-4977-A1A8-CB9A9CA3504F}.Debug|Any CPU.ActiveCfg = Debug|Any CPU
		{73CE9BF9-A32D-4977-A1A8-CB9A9CA3504F}.Debug|Any CPU.Build.0 = Debug|Any CPU
		{73CE9BF9-A32D-4977-A1A8-CB9A9CA3504F}.Release|Any CPU.ActiveCfg = Release|Any CPU
		{73CE9BF9-A32D-4977-A1A8-CB9A9CA3504F}.Release|Any CPU.Build.0 = Release|Any CPU
		{35B972C6-A0BE-4C40-A94A-8820176E6652}.Debug|Any CPU.ActiveCfg = Debug|Any CPU
		{35B972C6-A0BE-4C40-A94A-8820176E6652}.Debug|Any CPU.Build.0 = Debug|Any CPU
		{35B972C6-A0BE-4C40-A94A-8820176E6652}.Release|Any CPU.ActiveCfg = Release|Any CPU
		{35B972C6-A0BE-4C40-A94A-8820176E6652}.Release|Any CPU.Build.0 = Release|Any CPU
	EndGlobalSection
	GlobalSection(SolutionProperties) = preSolution
		HideSolutionNode = FALSE
	EndGlobalSection
	GlobalSection(ExtensibilityGlobals) = postSolution
		SolutionGuid = {1A4191BD-C1A5-4337-BCE4-B5E94ACD75AE}
	EndGlobalSection
EndGlobal
